PODS:
  - ACKategories (5.2.1)
  - SnapKit (4.0.0)

DEPENDENCIES:
  - ACKategories
  - SnapKit (~> 4.0)

SPEC CHECKSUMS:
  ACKategories: 502ab594eace778e60908b511f735a15e65ac509
  SnapKit: a42d492c16e80209130a3379f73596c3454b7694

PODFILE CHECKSUM: a80bcb13330e89b3944d159d642ad2ddd2029892

COCOAPODS: 1.4.0
