// !$*UTF8*$!
{
	archiveVersion = 1;
	classes = {
	};
	objectVersion = 48;
	objects = {

/* Begin PBXBuildFile section */
		01FB301ADB690FEFE56B02F9 /* Pods_EmojiKeyboard.framework in Frameworks */ = {isa = PBXBuildFile; fileRef = 44726003CD57D48189A591AB /* Pods_EmojiKeyboard.framework */; };
		881D1F8B207919ED00D856F3 /* EmojiSuggestionCell.swift in Sources */ = {isa = PBXBuildFile; fileRef = 881D1F8A207919ED00D856F3 /* EmojiSuggestionCell.swift */; };
		882DD6B22068165E0041647A /* AppDelegate.swift in Sources */ = {isa = PBXBuildFile; fileRef = 882DD6B12068165E0041647A /* AppDelegate.swift */; };
		882DD6B42068165E0041647A /* ViewController.swift in Sources */ = {isa = PBXBuildFile; fileRef = 882DD6B32068165E0041647A /* ViewController.swift */; };
		882DD6B72068165E0041647A /* Main.storyboard in Resources */ = {isa = PBXBuildFile; fileRef = 882DD6B52068165E0041647A /* Main.storyboard */; };
		882DD6B92068165E0041647A /* Assets.xcassets in Resources */ = {isa = PBXBuildFile; fileRef = 882DD6B82068165E0041647A /* Assets.xcassets */; };
		882DD6BC2068165E0041647A /* LaunchScreen.storyboard in Resources */ = {isa = PBXBuildFile; fileRef = 882DD6BA2068165E0041647A /* LaunchScreen.storyboard */; };
		882DD6CA206818280041647A /* KeyboardViewController.swift in Sources */ = {isa = PBXBuildFile; fileRef = 882DD6C9206818280041647A /* KeyboardViewController.swift */; };
		882DD6CE206818280041647A /* Keyboard.appex in Embed App Extensions */ = {isa = PBXBuildFile; fileRef = 882DD6C7206818270041647A /* Keyboard.appex */; settings = {ATTRIBUTES = (RemoveHeadersOnCopy, ); }; };
		882DD6D4206819B00041647A /* KeyButton.swift in Sources */ = {isa = PBXBuildFile; fileRef = 882DD6D3206819B00041647A /* KeyButton.swift */; };
		88434225206D81AE00F48485 /* Type.swift in Sources */ = {isa = PBXBuildFile; fileRef = 88434222206D81AD00F48485 /* Type.swift */; };
		88434226206D81AE00F48485 /* Version.swift in Sources */ = {isa = PBXBuildFile; fileRef = 88434223206D81AD00F48485 /* Version.swift */; };
		88434227206D81AE00F48485 /* Size.swift in Sources */ = {isa = PBXBuildFile; fileRef = 88434224206D81AD00F48485 /* Size.swift */; };
		88434229206D81B600F48485 /* Device.swift in Sources */ = {isa = PBXBuildFile; fileRef = 88434228206D81B600F48485 /* Device.swift */; };
		8887CFB1206A19A2003502C9 /* Emojis.swift in Sources */ = {isa = PBXBuildFile; fileRef = 8887CFB0206A19A2003502C9 /* Emojis.swift */; };
		8887CFB3206A1D3E003502C9 /* AutocompleteView.swift in Sources */ = {isa = PBXBuildFile; fileRef = 8887CFB2206A1D3E003502C9 /* AutocompleteView.swift */; };
		8887CFC8206D35EB003502C9 /* UICollectionViewLeftAlignedLayout.m in Sources */ = {isa = PBXBuildFile; fileRef = 8887CFC7206D35EB003502C9 /* UICollectionViewLeftAlignedLayout.m */; };
		88D112AF20683BC2005B71A8 /* EmojiService.swift in Sources */ = {isa = PBXBuildFile; fileRef = 88D112AE20683BC2005B71A8 /* EmojiService.swift */; };
		88D112B2206847BE005B71A8 /* KeyboardView.swift in Sources */ = {isa = PBXBuildFile; fileRef = 88D112B1206847BE005B71A8 /* KeyboardView.swift */; };
		88D112B4206848F2005B71A8 /* Constants.swift in Sources */ = {isa = PBXBuildFile; fileRef = 88D112B3206848F2005B71A8 /* Constants.swift */; };
		88D112B6206853D3005B71A8 /* Images.xcassets in Resources */ = {isa = PBXBuildFile; fileRef = 88D112B5206853D3005B71A8 /* Images.xcassets */; };
		B05DA2D841D12DD1C42795DE /* Pods_Keyboard.framework in Frameworks */ = {isa = PBXBuildFile; fileRef = D4E1F7600F60913459F36A62 /* Pods_Keyboard.framework */; };
/* End PBXBuildFile section */

/* Begin PBXContainerItemProxy section */
		882DD6CC206818280041647A /* PBXContainerItemProxy */ = {
			isa = PBXContainerItemProxy;
			containerPortal = 882DD6A62068165E0041647A /* Project object */;
			proxyType = 1;
			remoteGlobalIDString = 882DD6C6206818270041647A;
			remoteInfo = Keyboard;
		};
/* End PBXContainerItemProxy section */

/* Begin PBXCopyFilesBuildPhase section */
		882DD6D2206818280041647A /* Embed App Extensions */ = {
			isa = PBXCopyFilesBuildPhase;
			buildActionMask = 2147483647;
			dstPath = "";
			dstSubfolderSpec = 13;
			files = (
				882DD6CE206818280041647A /* Keyboard.appex in Embed App Extensions */,
			);
			name = "Embed App Extensions";
			runOnlyForDeploymentPostprocessing = 0;
		};
/* End PBXCopyFilesBuildPhase section */

/* Begin PBXFileReference section */
		2ABC4C23BEA6F3302409F61D /* Pods-Keyboard.release.xcconfig */ = {isa = PBXFileReference; includeInIndex = 1; lastKnownFileType = text.xcconfig; name = "Pods-Keyboard.release.xcconfig"; path = "Pods/Target Support Files/Pods-Keyboard/Pods-Keyboard.release.xcconfig"; sourceTree = "<group>"; };
		44726003CD57D48189A591AB /* Pods_EmojiKeyboard.framework */ = {isa = PBXFileReference; explicitFileType = wrapper.framework; includeInIndex = 0; path = Pods_EmojiKeyboard.framework; sourceTree = BUILT_PRODUCTS_DIR; };
		697E7797E0FA371BE46B4339 /* Pods-Keyboard.debug.xcconfig */ = {isa = PBXFileReference; includeInIndex = 1; lastKnownFileType = text.xcconfig; name = "Pods-Keyboard.debug.xcconfig"; path = "Pods/Target Support Files/Pods-Keyboard/Pods-Keyboard.debug.xcconfig"; sourceTree = "<group>"; };
		881D1F8A207919ED00D856F3 /* EmojiSuggestionCell.swift */ = {isa = PBXFileReference; lastKnownFileType = sourcecode.swift; path = EmojiSuggestionCell.swift; sourceTree = "<group>"; };
		882DD6AE2068165E0041647A /* EmojiKeyboard.app */ = {isa = PBXFileReference; explicitFileType = wrapper.application; includeInIndex = 0; path = EmojiKeyboard.app; sourceTree = BUILT_PRODUCTS_DIR; };
		882DD6B12068165E0041647A /* AppDelegate.swift */ = {isa = PBXFileReference; lastKnownFileType = sourcecode.swift; path = AppDelegate.swift; sourceTree = "<group>"; };
		882DD6B32068165E0041647A /* ViewController.swift */ = {isa = PBXFileReference; lastKnownFileType = sourcecode.swift; path = ViewController.swift; sourceTree = "<group>"; };
		882DD6B62068165E0041647A /* Base */ = {isa = PBXFileReference; lastKnownFileType = file.storyboard; name = Base; path = Base.lproj/Main.storyboard; sourceTree = "<group>"; };
		882DD6B82068165E0041647A /* Assets.xcassets */ = {isa = PBXFileReference; lastKnownFileType = folder.assetcatalog; path = Assets.xcassets; sourceTree = "<group>"; };
		882DD6BB2068165E0041647A /* Base */ = {isa = PBXFileReference; lastKnownFileType = file.storyboard; name = Base; path = Base.lproj/LaunchScreen.storyboard; sourceTree = "<group>"; };
		882DD6BD2068165E0041647A /* Info.plist */ = {isa = PBXFileReference; lastKnownFileType = text.plist.xml; path = Info.plist; sourceTree = "<group>"; };
		882DD6C7206818270041647A /* Keyboard.appex */ = {isa = PBXFileReference; explicitFileType = "wrapper.app-extension"; includeInIndex = 0; path = Keyboard.appex; sourceTree = BUILT_PRODUCTS_DIR; };
		882DD6C9206818280041647A /* KeyboardViewController.swift */ = {isa = PBXFileReference; lastKnownFileType = sourcecode.swift; path = KeyboardViewController.swift; sourceTree = "<group>"; };
		882DD6CB206818280041647A /* Info.plist */ = {isa = PBXFileReference; lastKnownFileType = text.plist.xml; path = Info.plist; sourceTree = "<group>"; };
		882DD6D3206819B00041647A /* KeyButton.swift */ = {isa = PBXFileReference; lastKnownFileType = sourcecode.swift; path = KeyButton.swift; sourceTree = "<group>"; };
		88434222206D81AD00F48485 /* Type.swift */ = {isa = PBXFileReference; fileEncoding = 4; lastKnownFileType = sourcecode.swift; path = Type.swift; sourceTree = "<group>"; };
		88434223206D81AD00F48485 /* Version.swift */ = {isa = PBXFileReference; fileEncoding = 4; lastKnownFileType = sourcecode.swift; path = Version.swift; sourceTree = "<group>"; };
		88434224206D81AD00F48485 /* Size.swift */ = {isa = PBXFileReference; fileEncoding = 4; lastKnownFileType = sourcecode.swift; path = Size.swift; sourceTree = "<group>"; };
		88434228206D81B600F48485 /* Device.swift */ = {isa = PBXFileReference; fileEncoding = 4; lastKnownFileType = sourcecode.swift; path = Device.swift; sourceTree = "<group>"; };
		8887CFB0206A19A2003502C9 /* Emojis.swift */ = {isa = PBXFileReference; fileEncoding = 4; lastKnownFileType = sourcecode.swift; path = Emojis.swift; sourceTree = "<group>"; };
		8887CFB2206A1D3E003502C9 /* AutocompleteView.swift */ = {isa = PBXFileReference; lastKnownFileType = sourcecode.swift; path = AutocompleteView.swift; sourceTree = "<group>"; };
		8887CFC5206D35E8003502C9 /* Keyboard-Bridging-Header.h */ = {isa = PBXFileReference; lastKnownFileType = sourcecode.c.h; path = "Keyboard-Bridging-Header.h"; sourceTree = "<group>"; };
		8887CFC6206D35E9003502C9 /* UICollectionViewLeftAlignedLayout.h */ = {isa = PBXFileReference; fileEncoding = 4; lastKnownFileType = sourcecode.c.h; path = UICollectionViewLeftAlignedLayout.h; sourceTree = "<group>"; };
		8887CFC7206D35EB003502C9 /* UICollectionViewLeftAlignedLayout.m */ = {isa = PBXFileReference; fileEncoding = 4; lastKnownFileType = sourcecode.c.objc; path = UICollectionViewLeftAlignedLayout.m; sourceTree = "<group>"; };
		88D112AE20683BC2005B71A8 /* EmojiService.swift */ = {isa = PBXFileReference; lastKnownFileType = sourcecode.swift; path = EmojiService.swift; sourceTree = "<group>"; };
		88D112B1206847BE005B71A8 /* KeyboardView.swift */ = {isa = PBXFileReference; lastKnownFileType = sourcecode.swift; path = KeyboardView.swift; sourceTree = "<group>"; };
		88D112B3206848F2005B71A8 /* Constants.swift */ = {isa = PBXFileReference; lastKnownFileType = sourcecode.swift; path = Constants.swift; sourceTree = "<group>"; };
		88D112B5206853D3005B71A8 /* Images.xcassets */ = {isa = PBXFileReference; lastKnownFileType = folder.assetcatalog; path = Images.xcassets; sourceTree = "<group>"; };
		BD75A6FD782772721911D69C /* Pods-EmojiKeyboard.debug.xcconfig */ = {isa = PBXFileReference; includeInIndex = 1; lastKnownFileType = text.xcconfig; name = "Pods-EmojiKeyboard.debug.xcconfig"; path = "Pods/Target Support Files/Pods-EmojiKeyboard/Pods-EmojiKeyboard.debug.xcconfig"; sourceTree = "<group>"; };
		D4E1F7600F60913459F36A62 /* Pods_Keyboard.framework */ = {isa = PBXFileReference; explicitFileType = wrapper.framework; includeInIndex = 0; path = Pods_Keyboard.framework; sourceTree = BUILT_PRODUCTS_DIR; };
		F86F2B70ED890F27BAE09F35 /* Pods-EmojiKeyboard.release.xcconfig */ = {isa = PBXFileReference; includeInIndex = 1; lastKnownFileType = text.xcconfig; name = "Pods-EmojiKeyboard.release.xcconfig"; path = "Pods/Target Support Files/Pods-EmojiKeyboard/Pods-EmojiKeyboard.release.xcconfig"; sourceTree = "<group>"; };
/* End PBXFileReference section */

/* Begin PBXFrameworksBuildPhase section */
		882DD6AB2068165E0041647A /* Frameworks */ = {
			isa = PBXFrameworksBuildPhase;
			buildActionMask = 2147483647;
			files = (
				01FB301ADB690FEFE56B02F9 /* Pods_EmojiKeyboard.framework in Frameworks */,
			);
			runOnlyForDeploymentPostprocessing = 0;
		};
		882DD6C4206818270041647A /* Frameworks */ = {
			isa = PBXFrameworksBuildPhase;
			buildActionMask = 2147483647;
			files = (
				B05DA2D841D12DD1C42795DE /* Pods_Keyboard.framework in Frameworks */,
			);
			runOnlyForDeploymentPostprocessing = 0;
		};
/* End PBXFrameworksBuildPhase section */

/* Begin PBXGroup section */
		3B1F2DE2665EAF129BBC1D2F /* Pods */ = {
			isa = PBXGroup;
			children = (
				BD75A6FD782772721911D69C /* Pods-EmojiKeyboard.debug.xcconfig */,
				F86F2B70ED890F27BAE09F35 /* Pods-EmojiKeyboard.release.xcconfig */,
				697E7797E0FA371BE46B4339 /* Pods-Keyboard.debug.xcconfig */,
				2ABC4C23BEA6F3302409F61D /* Pods-Keyboard.release.xcconfig */,
			);
			name = Pods;
			sourceTree = "<group>";
		};
		882DD6A52068165E0041647A = {
			isa = PBXGroup;
			children = (
				882DD6D5206839B40041647A /* Resources */,
				882DD6B02068165E0041647A /* EmojiKeyboard */,
				882DD6C8206818280041647A /* Keyboard */,
				882DD6AF2068165E0041647A /* Products */,
				3B1F2DE2665EAF129BBC1D2F /* Pods */,
				9C7BF1F722E96B2E4B1CF3CA /* Frameworks */,
			);
			sourceTree = "<group>";
		};
		882DD6AF2068165E0041647A /* Products */ = {
			isa = PBXGroup;
			children = (
				882DD6AE2068165E0041647A /* EmojiKeyboard.app */,
				882DD6C7206818270041647A /* Keyboard.appex */,
			);
			name = Products;
			sourceTree = "<group>";
		};
		882DD6B02068165E0041647A /* EmojiKeyboard */ = {
			isa = PBXGroup;
			children = (
				882DD6B12068165E0041647A /* AppDelegate.swift */,
				882DD6B32068165E0041647A /* ViewController.swift */,
				882DD6B52068165E0041647A /* Main.storyboard */,
				882DD6B82068165E0041647A /* Assets.xcassets */,
				882DD6BA2068165E0041647A /* LaunchScreen.storyboard */,
				882DD6BD2068165E0041647A /* Info.plist */,
			);
			path = EmojiKeyboard;
			sourceTree = "<group>";
		};
		882DD6C8206818280041647A /* Keyboard */ = {
			isa = PBXGroup;
			children = (
				88434221206D813600F48485 /* Device */,
				8887CFC4206D35BC003502C9 /* UICollectionViewLeftAlignedLayout */,
				8887CFB0206A19A2003502C9 /* Emojis.swift */,
				88D112AE20683BC2005B71A8 /* EmojiService.swift */,
				88D112B1206847BE005B71A8 /* KeyboardView.swift */,
				882DD6D3206819B00041647A /* KeyButton.swift */,
				8887CFB2206A1D3E003502C9 /* AutocompleteView.swift */,
				881D1F8A207919ED00D856F3 /* EmojiSuggestionCell.swift */,
				882DD6C9206818280041647A /* KeyboardViewController.swift */,
				8887CFC5206D35E8003502C9 /* Keyboard-Bridging-Header.h */,
				882DD6CB206818280041647A /* Info.plist */,
				88D112B3206848F2005B71A8 /* Constants.swift */,
				88D112B5206853D3005B71A8 /* Images.xcassets */,
			);
			path = Keyboard;
			sourceTree = "<group>";
		};
		882DD6D5206839B40041647A /* Resources */ = {
			isa = PBXGroup;
			children = (
			);
			path = Resources;
			sourceTree = "<group>";
		};
		88434221206D813600F48485 /* Device */ = {
			isa = PBXGroup;
			children = (
				88434228206D81B600F48485 /* Device.swift */,
				88434224206D81AD00F48485 /* Size.swift */,
				88434222206D81AD00F48485 /* Type.swift */,
				88434223206D81AD00F48485 /* Version.swift */,
			);
			path = Device;
			sourceTree = "<group>";
		};
		8887CFC4206D35BC003502C9 /* UICollectionViewLeftAlignedLayout */ = {
			isa = PBXGroup;
			children = (
				8887CFC6206D35E9003502C9 /* UICollectionViewLeftAlignedLayout.h */,
				8887CFC7206D35EB003502C9 /* UICollectionViewLeftAlignedLayout.m */,
			);
			path = UICollectionViewLeftAlignedLayout;
			sourceTree = "<group>";
		};
		9C7BF1F722E96B2E4B1CF3CA /* Frameworks */ = {
			isa = PBXGroup;
			children = (
				44726003CD57D48189A591AB /* Pods_EmojiKeyboard.framework */,
				D4E1F7600F60913459F36A62 /* Pods_Keyboard.framework */,
			);
			name = Frameworks;
			sourceTree = "<group>";
		};
/* End PBXGroup section */

/* Begin PBXNativeTarget section */
		882DD6AD2068165E0041647A /* EmojiKeyboard */ = {
			isa = PBXNativeTarget;
			buildConfigurationList = 882DD6C02068165E0041647A /* Build configuration list for PBXNativeTarget "EmojiKeyboard" */;
			buildPhases = (
				9856643CFDCC408227FA419B /* [CP] Check Pods Manifest.lock */,
				882DD6AA2068165E0041647A /* Sources */,
				882DD6AB2068165E0041647A /* Frameworks */,
				882DD6AC2068165E0041647A /* Resources */,
				882DD6D2206818280041647A /* Embed App Extensions */,
				EF3675C8C5F3CAECAE69991C /* [CP] Embed Pods Frameworks */,
				F38009B98C619F1436E66B2A /* [CP] Copy Pods Resources */,
			);
			buildRules = (
			);
			dependencies = (
				882DD6CD206818280041647A /* PBXTargetDependency */,
			);
			name = EmojiKeyboard;
			productName = EmojiKeyboard;
			productReference = 882DD6AE2068165E0041647A /* EmojiKeyboard.app */;
			productType = "com.apple.product-type.application";
		};
		882DD6C6206818270041647A /* Keyboard */ = {
			isa = PBXNativeTarget;
			buildConfigurationList = 882DD6CF206818280041647A /* Build configuration list for PBXNativeTarget "Keyboard" */;
			buildPhases = (
				E8626FC31EEE1EE67175C512 /* [CP] Check Pods Manifest.lock */,
				882DD6C3206818270041647A /* Sources */,
				882DD6C4206818270041647A /* Frameworks */,
				882DD6C5206818270041647A /* Resources */,
				00EC320670DFB8CE2F2186F3 /* [CP] Copy Pods Resources */,
			);
			buildRules = (
			);
			dependencies = (
			);
			name = Keyboard;
			productName = Keyboard;
			productReference = 882DD6C7206818270041647A /* Keyboard.appex */;
			productType = "com.apple.product-type.app-extension";
		};
/* End PBXNativeTarget section */

/* Begin PBXProject section */
		882DD6A62068165E0041647A /* Project object */ = {
			isa = PBXProject;
			attributes = {
				LastSwiftUpdateCheck = 0920;
				LastUpgradeCheck = 0920;
				TargetAttributes = {
					882DD6AD2068165E0041647A = {
						CreatedOnToolsVersion = 9.2;
						ProvisioningStyle = Manual;
					};
					882DD6C6206818270041647A = {
						CreatedOnToolsVersion = 9.2;
						LastSwiftMigration = 0920;
						ProvisioningStyle = Manual;
					};
				};
			};
			buildConfigurationList = 882DD6A92068165E0041647A /* Build configuration list for PBXProject "EmojiKeyboard" */;
			compatibilityVersion = "Xcode 8.0";
			developmentRegion = en;
			hasScannedForEncodings = 0;
			knownRegions = (
				en,
				Base,
			);
			mainGroup = 882DD6A52068165E0041647A;
			productRefGroup = 882DD6AF2068165E0041647A /* Products */;
			projectDirPath = "";
			projectRoot = "";
			targets = (
				882DD6AD2068165E0041647A /* EmojiKeyboard */,
				882DD6C6206818270041647A /* Keyboard */,
			);
		};
/* End PBXProject section */

/* Begin PBXResourcesBuildPhase section */
		882DD6AC2068165E0041647A /* Resources */ = {
			isa = PBXResourcesBuildPhase;
			buildActionMask = 2147483647;
			files = (
				882DD6BC2068165E0041647A /* LaunchScreen.storyboard in Resources */,
				882DD6B92068165E0041647A /* Assets.xcassets in Resources */,
				882DD6B72068165E0041647A /* Main.storyboard in Resources */,
			);
			runOnlyForDeploymentPostprocessing = 0;
		};
		882DD6C5206818270041647A /* Resources */ = {
			isa = PBXResourcesBuildPhase;
			buildActionMask = 2147483647;
			files = (
				88D112B6206853D3005B71A8 /* Images.xcassets in Resources */,
			);
			runOnlyForDeploymentPostprocessing = 0;
		};
/* End PBXResourcesBuildPhase section */

/* Begin PBXShellScriptBuildPhase section */
		00EC320670DFB8CE2F2186F3 /* [CP] Copy Pods Resources */ = {
			isa = PBXShellScriptBuildPhase;
			buildActionMask = 2147483647;
			files = (
			);
			inputPaths = (
			);
			name = "[CP] Copy Pods Resources";
			outputPaths = (
			);
			runOnlyForDeploymentPostprocessing = 0;
			shellPath = /bin/sh;
			shellScript = "\"${SRCROOT}/Pods/Target Support Files/Pods-Keyboard/Pods-Keyboard-resources.sh\"\n";
			showEnvVarsInLog = 0;
		};
		9856643CFDCC408227FA419B /* [CP] Check Pods Manifest.lock */ = {
			isa = PBXShellScriptBuildPhase;
			buildActionMask = 2147483647;
			files = (
			);
			inputPaths = (
				"${PODS_PODFILE_DIR_PATH}/Podfile.lock",
				"${PODS_ROOT}/Manifest.lock",
			);
			name = "[CP] Check Pods Manifest.lock";
			outputPaths = (
				"$(DERIVED_FILE_DIR)/Pods-EmojiKeyboard-checkManifestLockResult.txt",
			);
			runOnlyForDeploymentPostprocessing = 0;
			shellPath = /bin/sh;
			shellScript = "diff \"${PODS_PODFILE_DIR_PATH}/Podfile.lock\" \"${PODS_ROOT}/Manifest.lock\" > /dev/null\nif [ $? != 0 ] ; then\n    # print error to STDERR\n    echo \"error: The sandbox is not in sync with the Podfile.lock. Run 'pod install' or update your CocoaPods installation.\" >&2\n    exit 1\nfi\n# This output is used by Xcode 'outputs' to avoid re-running this script phase.\necho \"SUCCESS\" > \"${SCRIPT_OUTPUT_FILE_0}\"\n";
			showEnvVarsInLog = 0;
		};
		E8626FC31EEE1EE67175C512 /* [CP] Check Pods Manifest.lock */ = {
			isa = PBXShellScriptBuildPhase;
			buildActionMask = 2147483647;
			files = (
			);
			inputPaths = (
				"${PODS_PODFILE_DIR_PATH}/Podfile.lock",
				"${PODS_ROOT}/Manifest.lock",
			);
			name = "[CP] Check Pods Manifest.lock";
			outputPaths = (
				"$(DERIVED_FILE_DIR)/Pods-Keyboard-checkManifestLockResult.txt",
			);
			runOnlyForDeploymentPostprocessing = 0;
			shellPath = /bin/sh;
			shellScript = "diff \"${PODS_PODFILE_DIR_PATH}/Podfile.lock\" \"${PODS_ROOT}/Manifest.lock\" > /dev/null\nif [ $? != 0 ] ; then\n    # print error to STDERR\n    echo \"error: The sandbox is not in sync with the Podfile.lock. Run 'pod install' or update your CocoaPods installation.\" >&2\n    exit 1\nfi\n# This output is used by Xcode 'outputs' to avoid re-running this script phase.\necho \"SUCCESS\" > \"${SCRIPT_OUTPUT_FILE_0}\"\n";
			showEnvVarsInLog = 0;
		};
		EF3675C8C5F3CAECAE69991C /* [CP] Embed Pods Frameworks */ = {
			isa = PBXShellScriptBuildPhase;
			buildActionMask = 2147483647;
			files = (
			);
			inputPaths = (
				"${SRCROOT}/Pods/Target Support Files/Pods-EmojiKeyboard/Pods-EmojiKeyboard-frameworks.sh",
				"${BUILT_PRODUCTS_DIR}/ACKategories/ACKategories.framework",
				"${BUILT_PRODUCTS_DIR}/SnapKit/SnapKit.framework",
			);
			name = "[CP] Embed Pods Frameworks";
			outputPaths = (
				"${TARGET_BUILD_DIR}/${FRAMEWORKS_FOLDER_PATH}/ACKategories.framework",
				"${TARGET_BUILD_DIR}/${FRAMEWORKS_FOLDER_PATH}/SnapKit.framework",
			);
			runOnlyForDeploymentPostprocessing = 0;
			shellPath = /bin/sh;
			shellScript = "\"${SRCROOT}/Pods/Target Support Files/Pods-EmojiKeyboard/Pods-EmojiKeyboard-frameworks.sh\"\n";
			showEnvVarsInLog = 0;
		};
		F38009B98C619F1436E66B2A /* [CP] Copy Pods Resources */ = {
			isa = PBXShellScriptBuildPhase;
			buildActionMask = 2147483647;
			files = (
			);
			inputPaths = (
			);
			name = "[CP] Copy Pods Resources";
			outputPaths = (
			);
			runOnlyForDeploymentPostprocessing = 0;
			shellPath = /bin/sh;
			shellScript = "\"${SRCROOT}/Pods/Target Support Files/Pods-EmojiKeyboard/Pods-EmojiKeyboard-resources.sh\"\n";
			showEnvVarsInLog = 0;
		};
/* End PBXShellScriptBuildPhase section */

/* Begin PBXSourcesBuildPhase section */
		882DD6AA2068165E0041647A /* Sources */ = {
			isa = PBXSourcesBuildPhase;
			buildActionMask = 2147483647;
			files = (
				882DD6B42068165E0041647A /* ViewController.swift in Sources */,
				882DD6B22068165E0041647A /* AppDelegate.swift in Sources */,
			);
			runOnlyForDeploymentPostprocessing = 0;
		};
		882DD6C3206818270041647A /* Sources */ = {
			isa = PBXSourcesBuildPhase;
			buildActionMask = 2147483647;
			files = (
				88434227206D81AE00F48485 /* Size.swift in Sources */,
				8887CFC8206D35EB003502C9 /* UICollectionViewLeftAlignedLayout.m in Sources */,
				8887CFB3206A1D3E003502C9 /* AutocompleteView.swift in Sources */,
				88434229206D81B600F48485 /* Device.swift in Sources */,
				8887CFB1206A19A2003502C9 /* Emojis.swift in Sources */,
				88D112B4206848F2005B71A8 /* Constants.swift in Sources */,
				88D112AF20683BC2005B71A8 /* EmojiService.swift in Sources */,
				881D1F8B207919ED00D856F3 /* EmojiSuggestionCell.swift in Sources */,
				88D112B2206847BE005B71A8 /* KeyboardView.swift in Sources */,
				88434226206D81AE00F48485 /* Version.swift in Sources */,
				882DD6CA206818280041647A /* KeyboardViewController.swift in Sources */,
				882DD6D4206819B00041647A /* KeyButton.swift in Sources */,
				88434225206D81AE00F48485 /* Type.swift in Sources */,
			);
			runOnlyForDeploymentPostprocessing = 0;
		};
/* End PBXSourcesBuildPhase section */

/* Begin PBXTargetDependency section */
		882DD6CD206818280041647A /* PBXTargetDependency */ = {
			isa = PBXTargetDependency;
			target = 882DD6C6206818270041647A /* Keyboard */;
			targetProxy = 882DD6CC206818280041647A /* PBXContainerItemProxy */;
		};
/* End PBXTargetDependency section */

/* Begin PBXVariantGroup section */
		882DD6B52068165E0041647A /* Main.storyboard */ = {
			isa = PBXVariantGroup;
			children = (
				882DD6B62068165E0041647A /* Base */,
			);
			name = Main.storyboard;
			sourceTree = "<group>";
		};
		882DD6BA2068165E0041647A /* LaunchScreen.storyboard */ = {
			isa = PBXVariantGroup;
			children = (
				882DD6BB2068165E0041647A /* Base */,
			);
			name = LaunchScreen.storyboard;
			sourceTree = "<group>";
		};
/* End PBXVariantGroup section */

/* Begin XCBuildConfiguration section */
		882DD6BE2068165E0041647A /* Debug */ = {
			isa = XCBuildConfiguration;
			buildSettings = {
				ALWAYS_SEARCH_USER_PATHS = NO;
				CLANG_ANALYZER_NONNULL = YES;
				CLANG_ANALYZER_NUMBER_OBJECT_CONVERSION = YES_AGGRESSIVE;
				CLANG_CXX_LANGUAGE_STANDARD = "gnu++14";
				CLANG_CXX_LIBRARY = "libc++";
				CLANG_ENABLE_MODULES = YES;
				CLANG_ENABLE_OBJC_ARC = YES;
				CLANG_WARN_BLOCK_CAPTURE_AUTORELEASING = YES;
				CLANG_WARN_BOOL_CONVERSION = YES;
				CLANG_WARN_COMMA = YES;
				CLANG_WARN_CONSTANT_CONVERSION = YES;
				CLANG_WARN_DIRECT_OBJC_ISA_USAGE = YES_ERROR;
				CLANG_WARN_DOCUMENTATION_COMMENTS = YES;
				CLANG_WARN_EMPTY_BODY = YES;
				CLANG_WARN_ENUM_CONVERSION = YES;
				CLANG_WARN_INFINITE_RECURSION = YES;
				CLANG_WARN_INT_CONVERSION = YES;
				CLANG_WARN_NON_LITERAL_NULL_CONVERSION = YES;
				CLANG_WARN_OBJC_LITERAL_CONVERSION = YES;
				CLANG_WARN_OBJC_ROOT_CLASS = YES_ERROR;
				CLANG_WARN_RANGE_LOOP_ANALYSIS = YES;
				CLANG_WARN_STRICT_PROTOTYPES = YES;
				CLANG_WARN_SUSPICIOUS_MOVE = YES;
				CLANG_WARN_UNGUARDED_AVAILABILITY = YES_AGGRESSIVE;
				CLANG_WARN_UNREACHABLE_CODE = YES;
				CLANG_WARN__DUPLICATE_METHOD_MATCH = YES;
				CODE_SIGN_IDENTITY = "iPhone Developer";
				COPY_PHASE_STRIP = NO;
				DEBUG_INFORMATION_FORMAT = dwarf;
				ENABLE_STRICT_OBJC_MSGSEND = YES;
				ENABLE_TESTABILITY = YES;
				GCC_C_LANGUAGE_STANDARD = gnu11;
				GCC_DYNAMIC_NO_PIC = NO;
				GCC_NO_COMMON_BLOCKS = YES;
				GCC_OPTIMIZATION_LEVEL = 0;
				GCC_PREPROCESSOR_DEFINITIONS = (
					"DEBUG=1",
					"$(inherited)",
				);
				GCC_WARN_64_TO_32_BIT_CONVERSION = YES;
				GCC_WARN_ABOUT_RETURN_TYPE = YES_ERROR;
				GCC_WARN_UNDECLARED_SELECTOR = YES;
				GCC_WARN_UNINITIALIZED_AUTOS = YES_AGGRESSIVE;
				GCC_WARN_UNUSED_FUNCTION = YES;
				GCC_WARN_UNUSED_VARIABLE = YES;
				IPHONEOS_DEPLOYMENT_TARGET = 11.2;
				MTL_ENABLE_DEBUG_INFO = YES;
				ONLY_ACTIVE_ARCH = YES;
				SDKROOT = iphoneos;
				SWIFT_ACTIVE_COMPILATION_CONDITIONS = DEBUG;
				SWIFT_OPTIMIZATION_LEVEL = "-Onone";
			};
			name = Debug;
		};
		882DD6BF2068165E0041647A /* Release */ = {
			isa = XCBuildConfiguration;
			buildSettings = {
				ALWAYS_SEARCH_USER_PATHS = NO;
				CLANG_ANALYZER_NONNULL = YES;
				CLANG_ANALYZER_NUMBER_OBJECT_CONVERSION = YES_AGGRESSIVE;
				CLANG_CXX_LANGUAGE_STANDARD = "gnu++14";
				CLANG_CXX_LIBRARY = "libc++";
				CLANG_ENABLE_MODULES = YES;
				CLANG_ENABLE_OBJC_ARC = YES;
				CLANG_WARN_BLOCK_CAPTURE_AUTORELEASING = YES;
				CLANG_WARN_BOOL_CONVERSION = YES;
				CLANG_WARN_COMMA = YES;
				CLANG_WARN_CONSTANT_CONVERSION = YES;
				CLANG_WARN_DIRECT_OBJC_ISA_USAGE = YES_ERROR;
				CLANG_WARN_DOCUMENTATION_COMMENTS = YES;
				CLANG_WARN_EMPTY_BODY = YES;
				CLANG_WARN_ENUM_CONVERSION = YES;
				CLANG_WARN_INFINITE_RECURSION = YES;
				CLANG_WARN_INT_CONVERSION = YES;
				CLANG_WARN_NON_LITERAL_NULL_CONVERSION = YES;
				CLANG_WARN_OBJC_LITERAL_CONVERSION = YES;
				CLANG_WARN_OBJC_ROOT_CLASS = YES_ERROR;
				CLANG_WARN_RANGE_LOOP_ANALYSIS = YES;
				CLANG_WARN_STRICT_PROTOTYPES = YES;
				CLANG_WARN_SUSPICIOUS_MOVE = YES;
				CLANG_WARN_UNGUARDED_AVAILABILITY = YES_AGGRESSIVE;
				CLANG_WARN_UNREACHABLE_CODE = YES;
				CLANG_WARN__DUPLICATE_METHOD_MATCH = YES;
				CODE_SIGN_IDENTITY = "iPhone Developer";
				COPY_PHASE_STRIP = NO;
				DEBUG_INFORMATION_FORMAT = "dwarf-with-dsym";
				ENABLE_NS_ASSERTIONS = NO;
				ENABLE_STRICT_OBJC_MSGSEND = YES;
				GCC_C_LANGUAGE_STANDARD = gnu11;
				GCC_NO_COMMON_BLOCKS = YES;
				GCC_WARN_64_TO_32_BIT_CONVERSION = YES;
				GCC_WARN_ABOUT_RETURN_TYPE = YES_ERROR;
				GCC_WARN_UNDECLARED_SELECTOR = YES;
				GCC_WARN_UNINITIALIZED_AUTOS = YES_AGGRESSIVE;
				GCC_WARN_UNUSED_FUNCTION = YES;
				GCC_WARN_UNUSED_VARIABLE = YES;
				IPHONEOS_DEPLOYMENT_TARGET = 11.2;
				MTL_ENABLE_DEBUG_INFO = NO;
				SDKROOT = iphoneos;
				SWIFT_OPTIMIZATION_LEVEL = "-Owholemodule";
				VALIDATE_PRODUCT = YES;
			};
			name = Release;
		};
		882DD6C12068165E0041647A /* Debug */ = {
			isa = XCBuildConfiguration;
			baseConfigurationReference = BD75A6FD782772721911D69C /* Pods-EmojiKeyboard.debug.xcconfig */;
			buildSettings = {
				ALWAYS_EMBED_SWIFT_STANDARD_LIBRARIES = YES;
				ASSETCATALOG_COMPILER_APPICON_NAME = AppIcon;
				CODE_SIGN_STYLE = Manual;
				DEVELOPMENT_TEAM = PXDF48X6VX;
				INFOPLIST_FILE = EmojiKeyboard/Info.plist;
				LD_RUNPATH_SEARCH_PATHS = "$(inherited) @executable_path/Frameworks";
				PRODUCT_BUNDLE_IDENTIFIER = cz.ackee.enterprise.EmojiKeyboard;
				PRODUCT_NAME = "$(TARGET_NAME)";
				PROVISIONING_PROFILE = "1b66b3aa-22bf-4e92-b766-0140b8d9b8c4";
				PROVISIONING_PROFILE_SPECIFIER = "match Development cz.ackee.enterprise.*";
				SWIFT_VERSION = 4.0;
				TARGETED_DEVICE_FAMILY = "1,2";
			};
			name = Debug;
		};
		882DD6C22068165E0041647A /* Release */ = {
			isa = XCBuildConfiguration;
			baseConfigurationReference = F86F2B70ED890F27BAE09F35 /* Pods-EmojiKeyboard.release.xcconfig */;
			buildSettings = {
				ALWAYS_EMBED_SWIFT_STANDARD_LIBRARIES = YES;
				ASSETCATALOG_COMPILER_APPICON_NAME = AppIcon;
				CODE_SIGN_STYLE = Manual;
				DEVELOPMENT_TEAM = "";
				INFOPLIST_FILE = EmojiKeyboard/Info.plist;
				LD_RUNPATH_SEARCH_PATHS = "$(inherited) @executable_path/Frameworks";
				PRODUCT_BUNDLE_IDENTIFIER = cz.ackee.enterprise.EmojiKeyboard;
				PRODUCT_NAME = "$(TARGET_NAME)";
				PROVISIONING_PROFILE_SPECIFIER = "";
				SWIFT_VERSION = 4.0;
				TARGETED_DEVICE_FAMILY = "1,2";
			};
			name = Release;
		};
		882DD6D0206818280041647A /* Debug */ = {
			isa = XCBuildConfiguration;
			baseConfigurationReference = 697E7797E0FA371BE46B4339 /* Pods-Keyboard.debug.xcconfig */;
			buildSettings = {
				CLANG_ENABLE_MODULES = YES;
				CODE_SIGN_STYLE = Manual;
				DEVELOPMENT_TEAM = PXDF48X6VX;
				INFOPLIST_FILE = Keyboard/Info.plist;
				LD_RUNPATH_SEARCH_PATHS = "$(inherited) @executable_path/Frameworks @executable_path/../../Frameworks";
				PRODUCT_BUNDLE_IDENTIFIER = cz.ackee.enterprise.EmojiKeyboard.Keyboard;
				PRODUCT_NAME = "$(TARGET_NAME)";
				PROVISIONING_PROFILE = "1b66b3aa-22bf-4e92-b766-0140b8d9b8c4";
				PROVISIONING_PROFILE_SPECIFIER = "match Development cz.ackee.enterprise.*";
				SKIP_INSTALL = YES;
				SWIFT_OBJC_BRIDGING_HEADER = "Keyboard/Keyboard-Bridging-Header.h";
				SWIFT_OPTIMIZATION_LEVEL = "-Onone";
				SWIFT_VERSION = 4.0;
				TARGETED_DEVICE_FAMILY = "1,2";
			};
			name = Debug;
		};
		882DD6D1206818280041647A /* Release */ = {
			isa = XCBuildConfiguration;
			baseConfigurationReference = 2ABC4C23BEA6F3302409F61D /* Pods-Keyboard.release.xcconfig */;
			buildSettings = {
				CLANG_ENABLE_MODULES = YES;
				CODE_SIGN_STYLE = Manual;
				DEVELOPMENT_TEAM = "";
				INFOPLIST_FILE = Keyboard/Info.plist;
				LD_RUNPATH_SEARCH_PATHS = "$(inherited) @executable_path/Frameworks @executable_path/../../Frameworks";
				PRODUCT_BUNDLE_IDENTIFIER = cz.ackee.enterprise.EmojiKeyboard.Keyboard;
				PRODUCT_NAME = "$(TARGET_NAME)";
				PROVISIONING_PROFILE_SPECIFIER = "";
				SKIP_INSTALL = YES;
				SWIFT_OBJC_BRIDGING_HEADER = "Keyboard/Keyboard-Bridging-Header.h";
				SWIFT_VERSION = 4.0;
				TARGETED_DEVICE_FAMILY = "1,2";
			};
			name = Release;
		};
/* End XCBuildConfiguration section */

/* Begin XCConfigurationList section */
		882DD6A92068165E0041647A /* Build configuration list for PBXProject "EmojiKeyboard" */ = {
			isa = XCConfigurationList;
			buildConfigurations = (
				882DD6BE2068165E0041647A /* Debug */,
				882DD6BF2068165E0041647A /* Release */,
			);
			defaultConfigurationIsVisible = 0;
			defaultConfigurationName = Release;
		};
		882DD6C02068165E0041647A /* Build configuration list for PBXNativeTarget "EmojiKeyboard" */ = {
			isa = XCConfigurationList;
			buildConfigurations = (
				882DD6C12068165E0041647A /* Debug */,
				882DD6C22068165E0041647A /* Release */,
			);
			defaultConfigurationIsVisible = 0;
			defaultConfigurationName = Release;
		};
		882DD6CF206818280041647A /* Build configuration list for PBXNativeTarget "Keyboard" */ = {
			isa = XCConfigurationList;
			buildConfigurations = (
				882DD6D0206818280041647A /* Debug */,
				882DD6D1206818280041647A /* Release */,
			);
			defaultConfigurationIsVisible = 0;
			defaultConfigurationName = Release;
		};
/* End XCConfigurationList section */
	};
	rootObject = 882DD6A62068165E0041647A /* Project object */;
}
